
Microsoft Visual Studio Solution File, Format Version 12.00
# Visual Studio 15
VisualStudioVersion = 15.0.28010.2046
MinimumVisualStudioVersion = 10.0.40219.1
Project("{9A19103F-16F7-4668-BE54-9A1E7A4F7556}") = "AppConstructionKit", "AppConstructionKit\AppConstructionKit.csproj", "{493D6558-92CE-41F7-8335-9FD75645B92D}"
EndProject
Project("{FAE04EC0-301F-11D3-BF4B-00C04F79EFBC}") = "AppConstructionKitTest", "AppConstructionKitTest\AppConstructionKitTest.csproj", "{5114C081-A408-41E1-8F1B-EA5E7DD25D1A}"
EndProject
Global
	GlobalSection(SolutionConfigurationPlatforms) = preSolution
		Debug|Any CPU = Debug|Any CPU
		Release|Any CPU = Release|Any CPU
	EndGlobalSection
	GlobalSection(ProjectConfigurationPlatforms) = postSolution
		{493D6558-92CE-41F7-8335-9FD75645B92D}.Debug|Any CPU.ActiveCfg = Debug|Any CPU
		{493D6558-92CE-41F7-8335-9FD75645B92D}.Debug|Any CPU.Build.0 = Debug|Any CPU
		{493D6558-92CE-41F7-8335-9FD75645B92D}.Release|Any CPU.ActiveCfg = Release|Any CPU
		{493D6558-92CE-41F7-8335-9FD75645B92D}.Release|Any CPU.Build.0 = Release|Any CPU
		{5114C081-A408-41E1-8F1B-EA5E7DD25D1A}.Debug|Any CPU.ActiveCfg = Debug|Any CPU
		{5114C081-A408-41E1-8F1B-EA5E7DD25D1A}.Debug|Any CPU.Build.0 = Debug|Any CPU
		{5114C081-A408-41E1-8F1B-EA5E7DD25D1A}.Release|Any CPU.ActiveCfg = Release|Any CPU
		{5114C081-A408-41E1-8F1B-EA5E7DD25D1A}.Release|Any CPU.Build.0 = Release|Any CPU
	EndGlobalSection
	GlobalSection(SolutionProperties) = preSolution
		HideSolutionNode = FALSE
	EndGlobalSection
	GlobalSection(ExtensibilityGlobals) = postSolution
		SolutionGuid = {AF2FD5BC-B374-4456-BB8A-8C8A55E7E710}
	EndGlobalSection
EndGlobal
